
Microsoft Visual Studio Solution File, Format Version 12.00
# Visual Studio Version 17
VisualStudioVersion = 17.13.35828.75 d17.13
MinimumVisualStudioVersion = 10.0.40219.1
Project("{FAE04EC0-301F-11D3-BF4B-00C04F79EFBC}") = "KeyboardSoundApp", "KeyboardSoundApp\KeyboardSoundApp.csproj", "{8098755C-2D05-46A2-9940-FC5A4164ABB9}"
EndProject
Global
	GlobalSection(SolutionConfigurationPlatforms) = preSolution
		Debug|Any CPU = Debug|Any CPU
		Release|Any CPU = Release|Any CPU
	EndGlobalSection
	GlobalSection(ProjectConfigurationPlatforms) = postSolution
		{8098755C-2D05-46A2-9940-FC5A4164ABB9}.Debug|Any CPU.ActiveCfg = Debug|Any CPU
		{8098755C-2D05-46A2-9940-FC5A4164ABB9}.Debug|Any CPU.Build.0 = Debug|Any CPU
		{8098755C-2D05-46A2-9940-FC5A4164ABB9}.Release|Any CPU.ActiveCfg = Release|Any CPU
		{8098755C-2D05-46A2-9940-FC5A4164ABB9}.Release|Any CPU.Build.0 = Release|Any CPU
	EndGlobalSection
	GlobalSection(SolutionProperties) = preSolution
		HideSolutionNode = FALSE
	EndGlobalSection
	GlobalSection(ExtensibilityGlobals) = postSolution
		SolutionGuid = {863D395D-4675-470A-A1E9-A673386360C5}
	EndGlobalSection
EndGlobal
